
Microsoft Visual Studio Solution File, Format Version 12.00
# Visual Studio Version 16
VisualStudioVersion = 16.0.30011.22
MinimumVisualStudioVersion = 10.0.40219.1
Project("{FAE04EC0-301F-11D3-BF4B-00C04F79EFBC}") = "ESOFTA1337Project", "ESOFTA1337Project\ESOFTA1337Project.csproj", "{F44F96FB-D028-4D4A-97BD-7C6E89804B28}"
EndProject
Global
	GlobalSection(SolutionConfigurationPlatforms) = preSolution
		Debug|Any CPU = Debug|Any CPU
		Release|Any CPU = Release|Any CPU
	EndGlobalSection
	GlobalSection(ProjectConfigurationPlatforms) = postSolution
		{F44F96FB-D028-4D4A-97BD-7C6E89804B28}.Debug|Any CPU.ActiveCfg = Debug|Any CPU
		{F44F96FB-D028-4D4A-97BD-7C6E89804B28}.Debug|Any CPU.Build.0 = Debug|Any CPU
		{F44F96FB-D028-4D4A-97BD-7C6E89804B28}.Release|Any CPU.ActiveCfg = Release|Any CPU
		{F44F96FB-D028-4D4A-97BD-7C6E89804B28}.Release|Any CPU.Build.0 = Release|Any CPU
	EndGlobalSection
	GlobalSection(SolutionProperties) = preSolution
		HideSolutionNode = FALSE
	EndGlobalSection
	GlobalSection(ExtensibilityGlobals) = postSolution
		SolutionGuid = {325DF462-6CDE-48CA-96B9-D615E08C3C6B}
	EndGlobalSection
EndGlobal
